// !$*UTF8*$!
{
	archiveVersion = 1;
	classes = {
	};
	objectVersion = 46;
	objects = {

/* Begin PBXBuildFile section */
		3801423E1B1C61D600987155 /* AppDelegate.swift in Sources */ = {isa = PBXBuildFile; fileRef = 3801423D1B1C61D600987155 /* AppDelegate.swift */; };
		380142401B1C61D600987155 /* ViewController.swift in Sources */ = {isa = PBXBuildFile; fileRef = 3801423F1B1C61D600987155 /* ViewController.swift */; };
		380142431B1C61D600987155 /* Main.storyboard in Resources */ = {isa = PBXBuildFile; fileRef = 380142411B1C61D600987155 /* Main.storyboard */; };
		380142451B1C61D600987155 /* Images.xcassets in Resources */ = {isa = PBXBuildFile; fileRef = 380142441B1C61D600987155 /* Images.xcassets */; };
		380142481B1C61D600987155 /* LaunchScreen.xib in Resources */ = {isa = PBXBuildFile; fileRef = 380142461B1C61D600987155 /* LaunchScreen.xib */; };
		380142541B1C61D600987155 /* AsyncTestingStubbingTests.swift in Sources */ = {isa = PBXBuildFile; fileRef = 380142531B1C61D600987155 /* AsyncTestingStubbingTests.swift */; };
/* End PBXBuildFile section */

/* Begin PBXContainerItemProxy section */
		3801424E1B1C61D600987155 /* PBXContainerItemProxy */ = {
			isa = PBXContainerItemProxy;
			containerPortal = 380142301B1C61D600987155 /* Project object */;
			proxyType = 1;
			remoteGlobalIDString = 380142371B1C61D600987155;
			remoteInfo = AsyncTestingStubbing;
		};
/* End PBXContainerItemProxy section */

/* Begin PBXFileReference section */
		380142381B1C61D600987155 /* AsyncTestingStubbing.app */ = {isa = PBXFileReference; explicitFileType = wrapper.application; includeInIndex = 0; path = AsyncTestingStubbing.app; sourceTree = BUILT_PRODUCTS_DIR; };
		3801423C1B1C61D600987155 /* Info.plist */ = {isa = PBXFileReference; lastKnownFileType = text.plist.xml; path = Info.plist; sourceTree = "<group>"; };
		3801423D1B1C61D600987155 /* AppDelegate.swift */ = {isa = PBXFileReference; lastKnownFileType = sourcecode.swift; path = AppDelegate.swift; sourceTree = "<group>"; };
		3801423F1B1C61D600987155 /* ViewController.swift */ = {isa = PBXFileReference; lastKnownFileType = sourcecode.swift; path = ViewController.swift; sourceTree = "<group>"; };
		380142421B1C61D600987155 /* Base */ = {isa = PBXFileReference; lastKnownFileType = file.storyboard; name = Base; path = Base.lproj/Main.storyboard; sourceTree = "<group>"; };
		380142441B1C61D600987155 /* Images.xcassets */ = {isa = PBXFileReference; lastKnownFileType = folder.assetcatalog; path = Images.xcassets; sourceTree = "<group>"; };
		380142471B1C61D600987155 /* Base */ = {isa = PBXFileReference; lastKnownFileType = file.xib; name = Base; path = Base.lproj/LaunchScreen.xib; sourceTree = "<group>"; };
		3801424D1B1C61D600987155 /* AsyncTestingStubbingTests.xctest */ = {isa = PBXFileReference; explicitFileType = wrapper.cfbundle; includeInIndex = 0; path = AsyncTestingStubbingTests.xctest; sourceTree = BUILT_PRODUCTS_DIR; };
		380142521B1C61D600987155 /* Info.plist */ = {isa = PBXFileReference; lastKnownFileType = text.plist.xml; path = Info.plist; sourceTree = "<group>"; };
		380142531B1C61D600987155 /* AsyncTestingStubbingTests.swift */ = {isa = PBXFileReference; lastKnownFileType = sourcecode.swift; path = AsyncTestingStubbingTests.swift; sourceTree = "<group>"; };
/* End PBXFileReference section */

/* Begin PBXFrameworksBuildPhase section */
		380142351B1C61D600987155 /* Frameworks */ = {
			isa = PBXFrameworksBuildPhase;
			buildActionMask = 2147483647;
			files = (
			);
			runOnlyForDeploymentPostprocessing = 0;
		};
		3801424A1B1C61D600987155 /* Frameworks */ = {
			isa = PBXFrameworksBuildPhase;
			buildActionMask = 2147483647;
			files = (
			);
			runOnlyForDeploymentPostprocessing = 0;
		};
/* End PBXFrameworksBuildPhase section */

/* Begin PBXGroup section */
		3801422F1B1C61D600987155 = {
			isa = PBXGroup;
			children = (
				3801423A1B1C61D600987155 /* AsyncTestingStubbing */,
				380142501B1C61D600987155 /* AsyncTestingStubbingTests */,
				380142391B1C61D600987155 /* Products */,
			);
			sourceTree = "<group>";
		};
		380142391B1C61D600987155 /* Products */ = {
			isa = PBXGroup;
			children = (
				380142381B1C61D600987155 /* AsyncTestingStubbing.app */,
				3801424D1B1C61D600987155 /* AsyncTestingStubbingTests.xctest */,
			);
			name = Products;
			sourceTree = "<group>";
		};
		3801423A1B1C61D600987155 /* AsyncTestingStubbing */ = {
			isa = PBXGroup;
			children = (
				3801423D1B1C61D600987155 /* AppDelegate.swift */,
				3801423F1B1C61D600987155 /* ViewController.swift */,
				380142411B1C61D600987155 /* Main.storyboard */,
				380142441B1C61D600987155 /* Images.xcassets */,
				380142461B1C61D600987155 /* LaunchScreen.xib */,
				3801423B1B1C61D600987155 /* Supporting Files */,
			);
			path = AsyncTestingStubbing;
			sourceTree = "<group>";
		};
		3801423B1B1C61D600987155 /* Supporting Files */ = {
			isa = PBXGroup;
			children = (
				3801423C1B1C61D600987155 /* Info.plist */,
			);
			name = "Supporting Files";
			sourceTree = "<group>";
		};
		380142501B1C61D600987155 /* AsyncTestingStubbingTests */ = {
			isa = PBXGroup;
			children = (
				380142531B1C61D600987155 /* AsyncTestingStubbingTests.swift */,
				380142511B1C61D600987155 /* Supporting Files */,
			);
			path = AsyncTestingStubbingTests;
			sourceTree = "<group>";
		};
		380142511B1C61D600987155 /* Supporting Files */ = {
			isa = PBXGroup;
			children = (
				380142521B1C61D600987155 /* Info.plist */,
			);
			name = "Supporting Files";
			sourceTree = "<group>";
		};
/* End PBXGroup section */

/* Begin PBXNativeTarget section */
		380142371B1C61D600987155 /* AsyncTestingStubbing */ = {
			isa = PBXNativeTarget;
			buildConfigurationList = 380142571B1C61D600987155 /* Build configuration list for PBXNativeTarget "AsyncTestingStubbing" */;
			buildPhases = (
				380142341B1C61D600987155 /* Sources */,
				380142351B1C61D600987155 /* Frameworks */,
				380142361B1C61D600987155 /* Resources */,
			);
			buildRules = (
			);
			dependencies = (
			);
			name = AsyncTestingStubbing;
			productName = AsyncTestingStubbing;
			productReference = 380142381B1C61D600987155 /* AsyncTestingStubbing.app */;
			productType = "com.apple.product-type.application";
		};
		3801424C1B1C61D600987155 /* AsyncTestingStubbingTests */ = {
			isa = PBXNativeTarget;
			buildConfigurationList = 3801425A1B1C61D600987155 /* Build configuration list for PBXNativeTarget "AsyncTestingStubbingTests" */;
			buildPhases = (
				380142491B1C61D600987155 /* Sources */,
				3801424A1B1C61D600987155 /* Frameworks */,
				3801424B1B1C61D600987155 /* Resources */,
			);
			buildRules = (
			);
			dependencies = (
				3801424F1B1C61D600987155 /* PBXTargetDependency */,
			);
			name = AsyncTestingStubbingTests;
			productName = AsyncTestingStubbingTests;
			productReference = 3801424D1B1C61D600987155 /* AsyncTestingStubbingTests.xctest */;
			productType = "com.apple.product-type.bundle.unit-test";
		};
/* End PBXNativeTarget section */

/* Begin PBXProject section */
		380142301B1C61D600987155 /* Project object */ = {
			isa = PBXProject;
			attributes = {
				LastUpgradeCheck = 0630;
				ORGANIZATIONNAME = Elvi;
				TargetAttributes = {
					380142371B1C61D600987155 = {
						CreatedOnToolsVersion = 6.3.2;
					};
					3801424C1B1C61D600987155 = {
						CreatedOnToolsVersion = 6.3.2;
						TestTargetID = 380142371B1C61D600987155;
					};
				};
			};
			buildConfigurationList = 380142331B1C61D600987155 /* Build configuration list for PBXProject "AsyncTestingStubbing" */;
			compatibilityVersion = "Xcode 3.2";
			developmentRegion = English;
			hasScannedForEncodings = 0;
			knownRegions = (
				en,
				Base,
			);
			mainGroup = 3801422F1B1C61D600987155;
			productRefGroup = 380142391B1C61D600987155 /* Products */;
			projectDirPath = "";
			projectRoot = "";
			targets = (
				380142371B1C61D600987155 /* AsyncTestingStubbing */,
				3801424C1B1C61D600987155 /* AsyncTestingStubbingTests */,
			);
		};
/* End PBXProject section */

/* Begin PBXResourcesBuildPhase section */
		380142361B1C61D600987155 /* Resources */ = {
			isa = PBXResourcesBuildPhase;
			buildActionMask = 2147483647;
			files = (
				380142431B1C61D600987155 /* Main.storyboard in Resources */,
				380142481B1C61D600987155 /* LaunchScreen.xib in Resources */,
				380142451B1C61D600987155 /* Images.xcassets in Resources */,
			);
			runOnlyForDeploymentPostprocessing = 0;
		};
		3801424B1B1C61D600987155 /* Resources */ = {
			isa = PBXResourcesBuildPhase;
			buildActionMask = 2147483647;
			files = (
			);
			runOnlyForDeploymentPostprocessing = 0;
		};
/* End PBXResourcesBuildPhase section */

/* Begin PBXSourcesBuildPhase section */
		380142341B1C61D600987155 /* Sources */ = {
			isa = PBXSourcesBuildPhase;
			buildActionMask = 2147483647;
			files = (
				380142401B1C61D600987155 /* ViewController.swift in Sources */,
				3801423E1B1C61D600987155 /* AppDelegate.swift in Sources */,
			);
			runOnlyForDeploymentPostprocessing = 0;
		};
		380142491B1C61D600987155 /* Sources */ = {
			isa = PBXSourcesBuildPhase;
			buildActionMask = 2147483647;
			files = (
				380142541B1C61D600987155 /* AsyncTestingStubbingTests.swift in Sources */,
			);
			runOnlyForDeploymentPostprocessing = 0;
		};
/* End PBXSourcesBuildPhase section */

/* Begin PBXTargetDependency section */
		3801424F1B1C61D600987155 /* PBXTargetDependency */ = {
			isa = PBXTargetDependency;
			target = 380142371B1C61D600987155 /* AsyncTestingStubbing */;
			targetProxy = 3801424E1B1C61D600987155 /* PBXContainerItemProxy */;
		};
/* End PBXTargetDependency section */

/* Begin PBXVariantGroup section */
		380142411B1C61D600987155 /* Main.storyboard */ = {
			isa = PBXVariantGroup;
			children = (
				380142421B1C61D600987155 /* Base */,
			);
			name = Main.storyboard;
			sourceTree = "<group>";
		};
		380142461B1C61D600987155 /* LaunchScreen.xib */ = {
			isa = PBXVariantGroup;
			children = (
				380142471B1C61D600987155 /* Base */,
			);
			name = LaunchScreen.xib;
			sourceTree = "<group>";
		};
/* End PBXVariantGroup section */

/* Begin XCBuildConfiguration section */
		380142551B1C61D600987155 /* Debug */ = {
			isa = XCBuildConfiguration;
			buildSettings = {
				ALWAYS_SEARCH_USER_PATHS = NO;
				CLANG_CXX_LANGUAGE_STANDARD = "gnu++0x";
				CLANG_CXX_LIBRARY = "libc++";
				CLANG_ENABLE_MODULES = YES;
				CLANG_ENABLE_OBJC_ARC = YES;
				CLANG_WARN_BOOL_CONVERSION = YES;
				CLANG_WARN_CONSTANT_CONVERSION = YES;
				CLANG_WARN_DIRECT_OBJC_ISA_USAGE = YES_ERROR;
				CLANG_WARN_EMPTY_BODY = YES;
				CLANG_WARN_ENUM_CONVERSION = YES;
				CLANG_WARN_INT_CONVERSION = YES;
				CLANG_WARN_OBJC_ROOT_CLASS = YES_ERROR;
				CLANG_WARN_UNREACHABLE_CODE = YES;
				CLANG_WARN__DUPLICATE_METHOD_MATCH = YES;
				"CODE_SIGN_IDENTITY[sdk=iphoneos*]" = "iPhone Developer";
				COPY_PHASE_STRIP = NO;
				DEBUG_INFORMATION_FORMAT = "dwarf-with-dsym";
				ENABLE_STRICT_OBJC_MSGSEND = YES;
				GCC_C_LANGUAGE_STANDARD = gnu99;
				GCC_DYNAMIC_NO_PIC = NO;
				GCC_NO_COMMON_BLOCKS = YES;
				GCC_OPTIMIZATION_LEVEL = 0;
				GCC_PREPROCESSOR_DEFINITIONS = (
					"DEBUG=1",
					"$(inherited)",
				);
				GCC_SYMBOLS_PRIVATE_EXTERN = NO;
				GCC_WARN_64_TO_32_BIT_CONVERSION = YES;
				GCC_WARN_ABOUT_RETURN_TYPE = YES_ERROR;
				GCC_WARN_UNDECLARED_SELECTOR = YES;
				GCC_WARN_UNINITIALIZED_AUTOS = YES_AGGRESSIVE;
				GCC_WARN_UNUSED_FUNCTION = YES;
				GCC_WARN_UNUSED_VARIABLE = YES;
				IPHONEOS_DEPLOYMENT_TARGET = 8.3;
				MTL_ENABLE_DEBUG_INFO = YES;
				ONLY_ACTIVE_ARCH = YES;
				SDKROOT = iphoneos;
				SWIFT_OPTIMIZATION_LEVEL = "-Onone";
				TARGETED_DEVICE_FAMILY = "1,2";
			};
			name = Debug;
		};
		380142561B1C61D600987155 /* Release */ = {
			isa = XCBuildConfiguration;
			buildSettings = {
				ALWAYS_SEARCH_USER_PATHS = NO;
				CLANG_CXX_LANGUAGE_STANDARD = "gnu++0x";
				CLANG_CXX_LIBRARY = "libc++";
				CLANG_ENABLE_MODULES = YES;
				CLANG_ENABLE_OBJC_ARC = YES;
				CLANG_WARN_BOOL_CONVERSION = YES;
				CLANG_WARN_CONSTANT_CONVERSION = YES;
				CLANG_WARN_DIRECT_OBJC_ISA_USAGE = YES_ERROR;
				CLANG_WARN_EMPTY_BODY = YES;
				CLANG_WARN_ENUM_CONVERSION = YES;
				CLANG_WARN_INT_CONVERSION = YES;
				CLANG_WARN_OBJC_ROOT_CLASS = YES_ERROR;
				CLANG_WARN_UNREACHABLE_CODE = YES;
				CLANG_WARN__DUPLICATE_METHOD_MATCH = YES;
				"CODE_SIGN_IDENTITY[sdk=iphoneos*]" = "iPhone Developer";
				COPY_PHASE_STRIP = NO;
				DEBUG_INFORMATION_FORMAT = "dwarf-with-dsym";
				ENABLE_NS_ASSERTIONS = NO;
				ENABLE_STRICT_OBJC_MSGSEND = YES;
				GCC_C_LANGUAGE_STANDARD = gnu99;
				GCC_NO_COMMON_BLOCKS = YES;
				GCC_WARN_64_TO_32_BIT_CONVERSION = YES;
				GCC_WARN_ABOUT_RETURN_TYPE = YES_ERROR;
				GCC_WARN_UNDECLARED_SELECTOR = YES;
				GCC_WARN_UNINITIALIZED_AUTOS = YES_AGGRESSIVE;
				GCC_WARN_UNUSED_FUNCTION = YES;
				GCC_WARN_UNUSED_VARIABLE = YES;
				IPHONEOS_DEPLOYMENT_TARGET = 8.3;
				MTL_ENABLE_DEBUG_INFO = NO;
				SDKROOT = iphoneos;
				TARGETED_DEVICE_FAMILY = "1,2";
				VALIDATE_PRODUCT = YES;
			};
			name = Release;
		};
		380142581B1C61D600987155 /* Debug */ = {
			isa = XCBuildConfiguration;
			buildSettings = {
				ASSETCATALOG_COMPILER_APPICON_NAME = AppIcon;
				INFOPLIST_FILE = AsyncTestingStubbing/Info.plist;
				LD_RUNPATH_SEARCH_PATHS = "$(inherited) @executable_path/Frameworks";
				PRODUCT_NAME = "$(TARGET_NAME)";
			};
			name = Debug;
		};
		380142591B1C61D600987155 /* Release */ = {
			isa = XCBuildConfiguration;
			buildSettings = {
				ASSETCATALOG_COMPILER_APPICON_NAME = AppIcon;
				INFOPLIST_FILE = AsyncTestingStubbing/Info.plist;
				LD_RUNPATH_SEARCH_PATHS = "$(inherited) @executable_path/Frameworks";
				PRODUCT_NAME = "$(TARGET_NAME)";
			};
			name = Release;
		};
		3801425B1B1C61D600987155 /* Debug */ = {
			isa = XCBuildConfiguration;
			buildSettings = {
				BUNDLE_LOADER = "$(TEST_HOST)";
				FRAMEWORK_SEARCH_PATHS = (
					"$(SDKROOT)/Developer/Library/Frameworks",
					"$(inherited)",
				);
				GCC_PREPROCESSOR_DEFINITIONS = (
					"DEBUG=1",
					"$(inherited)",
				);
				INFOPLIST_FILE = AsyncTestingStubbingTests/Info.plist;
				LD_RUNPATH_SEARCH_PATHS = "$(inherited) @executable_path/Frameworks @loader_path/Frameworks";
				PRODUCT_NAME = "$(TARGET_NAME)";
				TEST_HOST = "$(BUILT_PRODUCTS_DIR)/AsyncTestingStubbing.app/AsyncTestingStubbing";
			};
			name = Debug;
		};
		3801425C1B1C61D600987155 /* Release */ = {
			isa = XCBuildConfiguration;
			buildSettings = {
				BUNDLE_LOADER = "$(TEST_HOST)";
				FRAMEWORK_SEARCH_PATHS = (
					"$(SDKROOT)/Developer/Library/Frameworks",
					"$(inherited)",
				);
				INFOPLIST_FILE = AsyncTestingStubbingTests/Info.plist;
				LD_RUNPATH_SEARCH_PATHS = "$(inherited) @executable_path/Frameworks @loader_path/Frameworks";
				PRODUCT_NAME = "$(TARGET_NAME)";
				TEST_HOST = "$(BUILT_PRODUCTS_DIR)/AsyncTestingStubbing.app/AsyncTestingStubbing";
			};
			name = Release;
		};
/* End XCBuildConfiguration section */

/* Begin XCConfigurationList section */
		380142331B1C61D600987155 /* Build configuration list for PBXProject "AsyncTestingStubbing" */ = {
			isa = XCConfigurationList;
			buildConfigurations = (
				380142551B1C61D600987155 /* Debug */,
				380142561B1C61D600987155 /* Release */,
			);
			defaultConfigurationIsVisible = 0;
			defaultConfigurationName = Release;
		};
		380142571B1C61D600987155 /* Build configuration list for PBXNativeTarget "AsyncTestingStubbing" */ = {
			isa = XCConfigurationList;
			buildConfigurations = (
				380142581B1C61D600987155 /* Debug */,
				380142591B1C61D600987155 /* Release */,
			);
			defaultConfigurationIsVisible = 0;
		};
		3801425A1B1C61D600987155 /* Build configuration list for PBXNativeTarget "AsyncTestingStubbingTests" */ = {
			isa = XCConfigurationList;
			buildConfigurations = (
				3801425B1B1C61D600987155 /* Debug */,
				3801425C1B1C61D600987155 /* Release */,
			);
			defaultConfigurationIsVisible = 0;
		};
/* End XCConfigurationList section */
	};
	rootObject = 380142301B1C61D600987155 /* Project object */;
}
